
Microsoft Visual Studio Solution File, Format Version 12.00
# Visual Studio 15
VisualStudioVersion = 15.0.27703.2047
MinimumVisualStudioVersion = 10.0.40219.1
Project("{FAE04EC0-301F-11D3-BF4B-00C04F79EFBC}") = "Zarwin.Shared.Contracts", "Zarwin.Shared.Contracts\Zarwin.Shared.Contracts.csproj", "{F21B1295-1D6C-4359-A4AF-78CDC1DA2566}"
EndProject
Project("{FAE04EC0-301F-11D3-BF4B-00C04F79EFBC}") = "Zarwin.Shared.Tests", "Zarwin.Shared.Tests\Zarwin.Shared.Tests.csproj", "{F9426D4C-60FE-4834-9AB4-CF24968463B3}"
EndProject
Global
	GlobalSection(SolutionConfigurationPlatforms) = preSolution
		Debug|Any CPU = Debug|Any CPU
		Release|Any CPU = Release|Any CPU
	EndGlobalSection
	GlobalSection(ProjectConfigurationPlatforms) = postSolution
		{F21B1295-1D6C-4359-A4AF-78CDC1DA2566}.Debug|Any CPU.ActiveCfg = Debug|Any CPU
		{F21B1295-1D6C-4359-A4AF-78CDC1DA2566}.Debug|Any CPU.Build.0 = Debug|Any CPU
		{F21B1295-1D6C-4359-A4AF-78CDC1DA2566}.Release|Any CPU.ActiveCfg = Release|Any CPU
		{F21B1295-1D6C-4359-A4AF-78CDC1DA2566}.Release|Any CPU.Build.0 = Release|Any CPU
		{F9426D4C-60FE-4834-9AB4-CF24968463B3}.Debug|Any CPU.ActiveCfg = Debug|Any CPU
		{F9426D4C-60FE-4834-9AB4-CF24968463B3}.Debug|Any CPU.Build.0 = Debug|Any CPU
		{F9426D4C-60FE-4834-9AB4-CF24968463B3}.Release|Any CPU.ActiveCfg = Release|Any CPU
		{F9426D4C-60FE-4834-9AB4-CF24968463B3}.Release|Any CPU.Build.0 = Release|Any CPU
	EndGlobalSection
	GlobalSection(SolutionProperties) = preSolution
		HideSolutionNode = FALSE
	EndGlobalSection
	GlobalSection(ExtensibilityGlobals) = postSolution
		SolutionGuid = {8E174827-D6BE-4B56-ACFD-C29B2E3CF330}
	EndGlobalSection
EndGlobal
